
Microsoft Visual Studio Solution File, Format Version 12.00
# Visual Studio 15
VisualStudioVersion = 15.0.27004.2002
MinimumVisualStudioVersion = 10.0.40219.1
Project("{FAE04EC0-301F-11D3-BF4B-00C04F79EFBC}") = "FluentSelenium", "FluentSelenium\FluentSelenium.csproj", "{3EBF3E88-3E3C-4D68-A144-2A451F2C2BE5}"
EndProject
Project("{FAE04EC0-301F-11D3-BF4B-00C04F79EFBC}") = "NotVeryFluentSelenium", "NotVeryFluentSelenium\NotVeryFluentSelenium.csproj", "{95A3328A-4045-4AE4-85F1-FC4BAABA8B35}"
EndProject
Global
	GlobalSection(SolutionConfigurationPlatforms) = preSolution
		Debug|Any CPU = Debug|Any CPU
		Release|Any CPU = Release|Any CPU
	EndGlobalSection
	GlobalSection(ProjectConfigurationPlatforms) = postSolution
		{3EBF3E88-3E3C-4D68-A144-2A451F2C2BE5}.Debug|Any CPU.ActiveCfg = Debug|Any CPU
		{3EBF3E88-3E3C-4D68-A144-2A451F2C2BE5}.Debug|Any CPU.Build.0 = Debug|Any CPU
		{3EBF3E88-3E3C-4D68-A144-2A451F2C2BE5}.Release|Any CPU.ActiveCfg = Release|Any CPU
		{3EBF3E88-3E3C-4D68-A144-2A451F2C2BE5}.Release|Any CPU.Build.0 = Release|Any CPU
		{95A3328A-4045-4AE4-85F1-FC4BAABA8B35}.Debug|Any CPU.ActiveCfg = Debug|Any CPU
		{95A3328A-4045-4AE4-85F1-FC4BAABA8B35}.Debug|Any CPU.Build.0 = Debug|Any CPU
		{95A3328A-4045-4AE4-85F1-FC4BAABA8B35}.Release|Any CPU.ActiveCfg = Release|Any CPU
		{95A3328A-4045-4AE4-85F1-FC4BAABA8B35}.Release|Any CPU.Build.0 = Release|Any CPU
	EndGlobalSection
	GlobalSection(SolutionProperties) = preSolution
		HideSolutionNode = FALSE
	EndGlobalSection
	GlobalSection(ExtensibilityGlobals) = postSolution
		SolutionGuid = {69420B42-A67D-47F4-831A-7BA4452F84D1}
	EndGlobalSection
EndGlobal
